
Microsoft Visual Studio Solution File, Format Version 12.00
# Visual Studio Version 16
VisualStudioVersion = 16.0.29509.3
MinimumVisualStudioVersion = 10.0.40219.1
Project("{FAE04EC0-301F-11D3-BF4B-00C04F79EFBC}") = "HelloAzureWebApp", "HelloAzureWebApp\HelloAzureWebApp.csproj", "{AE08755D-860A-4DD5-838D-FD42C6116BA5}"
EndProject
Global
	GlobalSection(SolutionConfigurationPlatforms) = preSolution
		Debug|Any CPU = Debug|Any CPU
		Release|Any CPU = Release|Any CPU
	EndGlobalSection
	GlobalSection(ProjectConfigurationPlatforms) = postSolution
		{AE08755D-860A-4DD5-838D-FD42C6116BA5}.Debug|Any CPU.ActiveCfg = Debug|Any CPU
		{AE08755D-860A-4DD5-838D-FD42C6116BA5}.Debug|Any CPU.Build.0 = Debug|Any CPU
		{AE08755D-860A-4DD5-838D-FD42C6116BA5}.Release|Any CPU.ActiveCfg = Release|Any CPU
		{AE08755D-860A-4DD5-838D-FD42C6116BA5}.Release|Any CPU.Build.0 = Release|Any CPU
	EndGlobalSection
	GlobalSection(SolutionProperties) = preSolution
		HideSolutionNode = FALSE
	EndGlobalSection
	GlobalSection(ExtensibilityGlobals) = postSolution
		SolutionGuid = {87B4FCD6-B255-42CE-9728-6EA330BF7EBF}
	EndGlobalSection
EndGlobal
